github.com/sendgrid/rest v1.0.2 h1:xdfALkR1m9eqf41/zEnUmV0fw4b31ZzGZ4Dj5f2/w04=
github.com/sendgrid/rest v2.6.4+incompatible h1:lq6gAQxLwVBf3mVyCCSHI6mgF+NfaJFJHjT0kl6SSo8=
github.com/sendgrid/rest v2.6.4+incompatible/go.mod h1:kXX7q3jZtJXK5c5qK83bSGMdV6tsOE70KbHoqJls4lE=
github.com/sendgrid/sendgrid-go v1.2.0 h1:2K3teZdhaPe12ftFyFL4AWDH4QmNPc+sCi6mWFx5+oo=
github.com/sendgrid/sendgrid-go v3.10.0+incompatible h1:aSYyurHxEZSDy7kxhvZ4fH0inNkEEmRssZNbAmETR2c=
github.com/sendgrid/sendgrid-go v3.10.0+incompatible/go.mod h1:QRQt+LX/NmgVEvmdRw0VT/QgUn499+iza2FnDca9fg8=
